
Microsoft Visual Studio Solution File, Format Version 12.00
# Visual Studio 15
VisualStudioVersion = 15.0.28010.2050
MinimumVisualStudioVersion = 10.0.40219.1
Project("{FAE04EC0-301F-11D3-BF4B-00C04F79EFBC}") = "Monster.Web", "Monster.Web\Monster.Web.csproj", "{EBD02110-81FF-4AF0-8A0D-237505027F78}"
EndProject
Project("{FAE04EC0-301F-11D3-BF4B-00C04F79EFBC}") = "Monster.Common", "Monster.Common\Monster.Common.csproj", "{1A375ABB-D5E9-4B24-A981-5A88CB472787}"
EndProject
Project("{FAE04EC0-301F-11D3-BF4B-00C04F79EFBC}") = "Monster.Data", "Monster.Data\Monster.Data.csproj", "{2CA9A38E-4279-491D-AFD8-D424C0AD2410}"
EndProject
Global
	GlobalSection(SolutionConfigurationPlatforms) = preSolution
		Debug|Any CPU = Debug|Any CPU
		Release|Any CPU = Release|Any CPU
	EndGlobalSection
	GlobalSection(ProjectConfigurationPlatforms) = postSolution
		{EBD02110-81FF-4AF0-8A0D-237505027F78}.Debug|Any CPU.ActiveCfg = Debug|Any CPU
		{EBD02110-81FF-4AF0-8A0D-237505027F78}.Debug|Any CPU.Build.0 = Debug|Any CPU
		{EBD02110-81FF-4AF0-8A0D-237505027F78}.Release|Any CPU.ActiveCfg = Release|Any CPU
		{EBD02110-81FF-4AF0-8A0D-237505027F78}.Release|Any CPU.Build.0 = Release|Any CPU
		{1A375ABB-D5E9-4B24-A981-5A88CB472787}.Debug|Any CPU.ActiveCfg = Debug|Any CPU
		{1A375ABB-D5E9-4B24-A981-5A88CB472787}.Debug|Any CPU.Build.0 = Debug|Any CPU
		{1A375ABB-D5E9-4B24-A981-5A88CB472787}.Release|Any CPU.ActiveCfg = Release|Any CPU
		{1A375ABB-D5E9-4B24-A981-5A88CB472787}.Release|Any CPU.Build.0 = Release|Any CPU
		{2CA9A38E-4279-491D-AFD8-D424C0AD2410}.Debug|Any CPU.ActiveCfg = Debug|Any CPU
		{2CA9A38E-4279-491D-AFD8-D424C0AD2410}.Debug|Any CPU.Build.0 = Debug|Any CPU
		{2CA9A38E-4279-491D-AFD8-D424C0AD2410}.Release|Any CPU.ActiveCfg = Release|Any CPU
		{2CA9A38E-4279-491D-AFD8-D424C0AD2410}.Release|Any CPU.Build.0 = Release|Any CPU
	EndGlobalSection
	GlobalSection(SolutionProperties) = preSolution
		HideSolutionNode = FALSE
	EndGlobalSection
	GlobalSection(ExtensibilityGlobals) = postSolution
		SolutionGuid = {CBFF1B1D-4516-484B-9B42-5F497D2C6E7C}
	EndGlobalSection
EndGlobal
